{
  "name": "client",
  "lockfileVersion": 3,
  "requires": true,
  "packages": {
    "": {
      "dependencies": {
        "domalf": "^1.0.4"
      }
    },
    "node_modules/domalf": {
      "version": "1.0.6",
      "resolved": "https://registry.npmjs.org/domalf/-/domalf-1.0.6.tgz",
      "integrity": "sha512-VQ4sxyifRi69vpJLc7m/uiiKuXrvTVj7OduAo+y4xNqsvKnaYYERnbRKBYy+SYJgLT+QFoYlYBSgpnuvZAwsuQ=="
    }
  }
}
